
Microsoft Visual Studio Solution File, Format Version 12.00
# Visual Studio 14
VisualStudioVersion = 14.0.23107.0
MinimumVisualStudioVersion = 10.0.40219.1
Project("{FAE04EC0-301F-11D3-BF4B-00C04F79EFBC}") = "PeopleViewer", "PeopleViewer\PeopleViewer.csproj", "{0FB957FE-68AD-4DE6-8DFD-5E9E2DA68215}"
EndProject
Project("{FAE04EC0-301F-11D3-BF4B-00C04F79EFBC}") = "PersonLibrary", "PersonLibrary\PersonLibrary.csproj", "{F93651DE-F506-4A82-A643-20510AD0652A}"
EndProject
Global
	GlobalSection(SolutionConfigurationPlatforms) = preSolution
		Debug|Any CPU = Debug|Any CPU
		Release|Any CPU = Release|Any CPU
	EndGlobalSection
	GlobalSection(ProjectConfigurationPlatforms) = postSolution
		{0FB957FE-68AD-4DE6-8DFD-5E9E2DA68215}.Debug|Any CPU.ActiveCfg = Debug|Any CPU
		{0FB957FE-68AD-4DE6-8DFD-5E9E2DA68215}.Debug|Any CPU.Build.0 = Debug|Any CPU
		{0FB957FE-68AD-4DE6-8DFD-5E9E2DA68215}.Release|Any CPU.ActiveCfg = Release|Any CPU
		{0FB957FE-68AD-4DE6-8DFD-5E9E2DA68215}.Release|Any CPU.Build.0 = Release|Any CPU
		{F93651DE-F506-4A82-A643-20510AD0652A}.Debug|Any CPU.ActiveCfg = Debug|Any CPU
		{F93651DE-F506-4A82-A643-20510AD0652A}.Debug|Any CPU.Build.0 = Debug|Any CPU
		{F93651DE-F506-4A82-A643-20510AD0652A}.Release|Any CPU.ActiveCfg = Release|Any CPU
		{F93651DE-F506-4A82-A643-20510AD0652A}.Release|Any CPU.Build.0 = Release|Any CPU
	EndGlobalSection
	GlobalSection(SolutionProperties) = preSolution
		HideSolutionNode = FALSE
	EndGlobalSection
EndGlobal
